
Microsoft Visual Studio Solution File, Format Version 12.00
# Visual Studio Version 16
VisualStudioVersion = 16.0.29519.87
MinimumVisualStudioVersion = 10.0.40219.1
Project("{2150E333-8FDC-42A3-9474-1A3956D46DE8}") = "Presentation", "Presentation", "{B15FA6D0-D781-44B8-9E07-B488A5C969B7}"
EndProject
Project("{9A19103F-16F7-4668-BE54-9A1E7A4F7556}") = "EquinoxCore.Web", "EquinoxCore.Web\EquinoxCore.Web.csproj", "{0F93FC70-ED7F-4849-A330-B447BC34D91A}"
EndProject
Project("{2150E333-8FDC-42A3-9474-1A3956D46DE8}") = "Domain", "Domain", "{872852AF-3BA0-4DC0-B189-6FD5BA205B13}"
EndProject
Project("{9A19103F-16F7-4668-BE54-9A1E7A4F7556}") = "EquinoxCore.Domain", "EquinoxCore.Domain\EquinoxCore.Domain.csproj", "{CF17A365-D4A5-4664-87E1-DE706031D3E9}"
EndProject
Project("{9A19103F-16F7-4668-BE54-9A1E7A4F7556}") = "EquinoxCore.Domain.Core", "EquinoxCore.Domain.Core\EquinoxCore.Domain.Core.csproj", "{12A4F081-19BF-4BDF-B90A-2F5AD605EC36}"
EndProject
Project("{2150E333-8FDC-42A3-9474-1A3956D46DE8}") = "Infra", "Infra", "{7ED71D0F-31FC-4E11-8C6D-0E1599C9C79C}"
EndProject
Project("{2150E333-8FDC-42A3-9474-1A3956D46DE8}") = "Data", "Data", "{19ABE553-DD2C-464A-873E-B8A98A379070}"
EndProject
Project("{9A19103F-16F7-4668-BE54-9A1E7A4F7556}") = "EquinoxCore.Infra.Data", "EquinoxCore.Infra.Data\EquinoxCore.Infra.Data.csproj", "{97993FCA-48CC-4A1F-AD14-96F6613AD1A9}"
EndProject
Project("{2150E333-8FDC-42A3-9474-1A3956D46DE8}") = "CrossCutting", "CrossCutting", "{F0B746A3-F726-4E83-8FF2-33A96D832D31}"
EndProject
Project("{9A19103F-16F7-4668-BE54-9A1E7A4F7556}") = "EquinoxCore.Infra.CrossCutting.Bus", "EquinoxCore.Infra.CrossCutting.Bus\EquinoxCore.Infra.CrossCutting.Bus.csproj", "{EC11FB6F-F223-486D-A9DB-07C31049C0C1}"
EndProject
Project("{9A19103F-16F7-4668-BE54-9A1E7A4F7556}") = "EquinoxCore.Infra.CrossCutting.Identity", "EquinoxCore.Infra.CrossCutting.Identity\EquinoxCore.Infra.CrossCutting.Identity.csproj", "{F7809124-B9DD-4BC3-8125-458D211DE7C5}"
EndProject
Project("{9A19103F-16F7-4668-BE54-9A1E7A4F7556}") = "EquinoxCore.Infra.CrossCutting.IoC", "EquinoxCore.Infra.CrossCutting.IoC\EquinoxCore.Infra.CrossCutting.IoC.csproj", "{2ABBEC8D-5C4A-4227-8954-CEACC3B4BF7D}"
EndProject
Project("{2150E333-8FDC-42A3-9474-1A3956D46DE8}") = "Application", "Application", "{B13D64E9-FF1C-41BD-9EB2-3F94C0861F5E}"
EndProject
Project("{FAE04EC0-301F-11D3-BF4B-00C04F79EFBC}") = "EquinoxCore.Application", "EquinoxCore.Application\EquinoxCore.Application.csproj", "{B3B4ECEC-48EC-4138-8168-733A95E25139}"
EndProject
Global
	GlobalSection(SolutionConfigurationPlatforms) = preSolution
		Debug|Any CPU = Debug|Any CPU
		Release|Any CPU = Release|Any CPU
	EndGlobalSection
	GlobalSection(ProjectConfigurationPlatforms) = postSolution
		{0F93FC70-ED7F-4849-A330-B447BC34D91A}.Debug|Any CPU.ActiveCfg = Debug|Any CPU
		{0F93FC70-ED7F-4849-A330-B447BC34D91A}.Debug|Any CPU.Build.0 = Debug|Any CPU
		{0F93FC70-ED7F-4849-A330-B447BC34D91A}.Release|Any CPU.ActiveCfg = Release|Any CPU
		{0F93FC70-ED7F-4849-A330-B447BC34D91A}.Release|Any CPU.Build.0 = Release|Any CPU
		{CF17A365-D4A5-4664-87E1-DE706031D3E9}.Debug|Any CPU.ActiveCfg = Debug|Any CPU
		{CF17A365-D4A5-4664-87E1-DE706031D3E9}.Debug|Any CPU.Build.0 = Debug|Any CPU
		{CF17A365-D4A5-4664-87E1-DE706031D3E9}.Release|Any CPU.ActiveCfg = Release|Any CPU
		{CF17A365-D4A5-4664-87E1-DE706031D3E9}.Release|Any CPU.Build.0 = Release|Any CPU
		{12A4F081-19BF-4BDF-B90A-2F5AD605EC36}.Debug|Any CPU.ActiveCfg = Debug|Any CPU
		{12A4F081-19BF-4BDF-B90A-2F5AD605EC36}.Debug|Any CPU.Build.0 = Debug|Any CPU
		{12A4F081-19BF-4BDF-B90A-2F5AD605EC36}.Release|Any CPU.ActiveCfg = Release|Any CPU
		{12A4F081-19BF-4BDF-B90A-2F5AD605EC36}.Release|Any CPU.Build.0 = Release|Any CPU
		{97993FCA-48CC-4A1F-AD14-96F6613AD1A9}.Debug|Any CPU.ActiveCfg = Debug|Any CPU
		{97993FCA-48CC-4A1F-AD14-96F6613AD1A9}.Debug|Any CPU.Build.0 = Debug|Any CPU
		{97993FCA-48CC-4A1F-AD14-96F6613AD1A9}.Release|Any CPU.ActiveCfg = Release|Any CPU
		{97993FCA-48CC-4A1F-AD14-96F6613AD1A9}.Release|Any CPU.Build.0 = Release|Any CPU
		{EC11FB6F-F223-486D-A9DB-07C31049C0C1}.Debug|Any CPU.ActiveCfg = Debug|Any CPU
		{EC11FB6F-F223-486D-A9DB-07C31049C0C1}.Debug|Any CPU.Build.0 = Debug|Any CPU
		{EC11FB6F-F223-486D-A9DB-07C31049C0C1}.Release|Any CPU.ActiveCfg = Release|Any CPU
		{EC11FB6F-F223-486D-A9DB-07C31049C0C1}.Release|Any CPU.Build.0 = Release|Any CPU
		{F7809124-B9DD-4BC3-8125-458D211DE7C5}.Debug|Any CPU.ActiveCfg = Debug|Any CPU
		{F7809124-B9DD-4BC3-8125-458D211DE7C5}.Debug|Any CPU.Build.0 = Debug|Any CPU
		{F7809124-B9DD-4BC3-8125-458D211DE7C5}.Release|Any CPU.ActiveCfg = Release|Any CPU
		{F7809124-B9DD-4BC3-8125-458D211DE7C5}.Release|Any CPU.Build.0 = Release|Any CPU
		{2ABBEC8D-5C4A-4227-8954-CEACC3B4BF7D}.Debug|Any CPU.ActiveCfg = Debug|Any CPU
		{2ABBEC8D-5C4A-4227-8954-CEACC3B4BF7D}.Debug|Any CPU.Build.0 = Debug|Any CPU
		{2ABBEC8D-5C4A-4227-8954-CEACC3B4BF7D}.Release|Any CPU.ActiveCfg = Release|Any CPU
		{2ABBEC8D-5C4A-4227-8954-CEACC3B4BF7D}.Release|Any CPU.Build.0 = Release|Any CPU
		{B3B4ECEC-48EC-4138-8168-733A95E25139}.Debug|Any CPU.ActiveCfg = Debug|Any CPU
		{B3B4ECEC-48EC-4138-8168-733A95E25139}.Debug|Any CPU.Build.0 = Debug|Any CPU
		{B3B4ECEC-48EC-4138-8168-733A95E25139}.Release|Any CPU.ActiveCfg = Release|Any CPU
		{B3B4ECEC-48EC-4138-8168-733A95E25139}.Release|Any CPU.Build.0 = Release|Any CPU
	EndGlobalSection
	GlobalSection(SolutionProperties) = preSolution
		HideSolutionNode = FALSE
	EndGlobalSection
	GlobalSection(NestedProjects) = preSolution
		{0F93FC70-ED7F-4849-A330-B447BC34D91A} = {B15FA6D0-D781-44B8-9E07-B488A5C969B7}
		{CF17A365-D4A5-4664-87E1-DE706031D3E9} = {872852AF-3BA0-4DC0-B189-6FD5BA205B13}
		{12A4F081-19BF-4BDF-B90A-2F5AD605EC36} = {872852AF-3BA0-4DC0-B189-6FD5BA205B13}
		{19ABE553-DD2C-464A-873E-B8A98A379070} = {7ED71D0F-31FC-4E11-8C6D-0E1599C9C79C}
		{97993FCA-48CC-4A1F-AD14-96F6613AD1A9} = {19ABE553-DD2C-464A-873E-B8A98A379070}
		{F0B746A3-F726-4E83-8FF2-33A96D832D31} = {7ED71D0F-31FC-4E11-8C6D-0E1599C9C79C}
		{EC11FB6F-F223-486D-A9DB-07C31049C0C1} = {F0B746A3-F726-4E83-8FF2-33A96D832D31}
		{F7809124-B9DD-4BC3-8125-458D211DE7C5} = {F0B746A3-F726-4E83-8FF2-33A96D832D31}
		{2ABBEC8D-5C4A-4227-8954-CEACC3B4BF7D} = {F0B746A3-F726-4E83-8FF2-33A96D832D31}
		{B3B4ECEC-48EC-4138-8168-733A95E25139} = {B13D64E9-FF1C-41BD-9EB2-3F94C0861F5E}
	EndGlobalSection
	GlobalSection(ExtensibilityGlobals) = postSolution
		SolutionGuid = {FBF03F8F-35D0-4FD7-997D-766CB5F65598}
	EndGlobalSection
EndGlobal
